
Microsoft Visual Studio Solution File, Format Version 12.00
# Visual Studio Version 16
VisualStudioVersion = 16.0.29215.179
MinimumVisualStudioVersion = 10.0.40219.1
Project("{FAE04EC0-301F-11D3-BF4B-00C04F79EFBC}") = "View", "View\View.csproj", "{A78EDAB7-773C-41AF-BBD4-E086D7182BB7}"
EndProject
Project("{9A19103F-16F7-4668-BE54-9A1E7A4F7556}") = "Model", "Model\Model.csproj", "{55F3292E-D7D1-4445-AF7A-863ED79DB68D}"
EndProject
Project("{FAE04EC0-301F-11D3-BF4B-00C04F79EFBC}") = "Service", "Service\Service.csproj", "{34185ECC-76F3-4AED-93F4-AFC4F2FEF777}"
EndProject
Global
	GlobalSection(SolutionConfigurationPlatforms) = preSolution
		Debug|Any CPU = Debug|Any CPU
		Release|Any CPU = Release|Any CPU
	EndGlobalSection
	GlobalSection(ProjectConfigurationPlatforms) = postSolution
		{A78EDAB7-773C-41AF-BBD4-E086D7182BB7}.Debug|Any CPU.ActiveCfg = Debug|Any CPU
		{A78EDAB7-773C-41AF-BBD4-E086D7182BB7}.Debug|Any CPU.Build.0 = Debug|Any CPU
		{A78EDAB7-773C-41AF-BBD4-E086D7182BB7}.Release|Any CPU.ActiveCfg = Release|Any CPU
		{A78EDAB7-773C-41AF-BBD4-E086D7182BB7}.Release|Any CPU.Build.0 = Release|Any CPU
		{55F3292E-D7D1-4445-AF7A-863ED79DB68D}.Debug|Any CPU.ActiveCfg = Debug|Any CPU
		{55F3292E-D7D1-4445-AF7A-863ED79DB68D}.Debug|Any CPU.Build.0 = Debug|Any CPU
		{55F3292E-D7D1-4445-AF7A-863ED79DB68D}.Release|Any CPU.ActiveCfg = Release|Any CPU
		{55F3292E-D7D1-4445-AF7A-863ED79DB68D}.Release|Any CPU.Build.0 = Release|Any CPU
		{34185ECC-76F3-4AED-93F4-AFC4F2FEF777}.Debug|Any CPU.ActiveCfg = Debug|Any CPU
		{34185ECC-76F3-4AED-93F4-AFC4F2FEF777}.Debug|Any CPU.Build.0 = Debug|Any CPU
		{34185ECC-76F3-4AED-93F4-AFC4F2FEF777}.Release|Any CPU.ActiveCfg = Release|Any CPU
		{34185ECC-76F3-4AED-93F4-AFC4F2FEF777}.Release|Any CPU.Build.0 = Release|Any CPU
	EndGlobalSection
	GlobalSection(SolutionProperties) = preSolution
		HideSolutionNode = FALSE
	EndGlobalSection
	GlobalSection(ExtensibilityGlobals) = postSolution
		SolutionGuid = {BA8FE149-60D9-4567-93F7-0963EC66C853}
	EndGlobalSection
EndGlobal
